
Microsoft Visual Studio Solution File, Format Version 12.00
# Visual Studio 15
Project("{FAE04EC0-301F-11D3-BF4B-00C04F79EFBC}") = "Assembly-CSharp", "Assembly-CSharp.csproj", "{A7C0A3C8-4325-05C9-F835-67062CC63370}"
EndProject
Project("{FAE04EC0-301F-11D3-BF4B-00C04F79EFBC}") = "Assembly-CSharp-Editor", "Assembly-CSharp-Editor.csproj", "{201D497A-8BF0-C781-7DE4-7488F969E258}"
EndProject
Global
	GlobalSection(SolutionConfigurationPlatforms) = preSolution
		Debug|Any CPU = Debug|Any CPU
		Release|Any CPU = Release|Any CPU
	EndGlobalSection
	GlobalSection(ProjectConfigurationPlatforms) = postSolution
		{A7C0A3C8-4325-05C9-F835-67062CC63370}.Debug|Any CPU.ActiveCfg = Debug|Any CPU
		{A7C0A3C8-4325-05C9-F835-67062CC63370}.Debug|Any CPU.Build.0 = Debug|Any CPU
		{A7C0A3C8-4325-05C9-F835-67062CC63370}.Release|Any CPU.ActiveCfg = Release|Any CPU
		{A7C0A3C8-4325-05C9-F835-67062CC63370}.Release|Any CPU.Build.0 = Release|Any CPU
		{201D497A-8BF0-C781-7DE4-7488F969E258}.Debug|Any CPU.ActiveCfg = Debug|Any CPU
		{201D497A-8BF0-C781-7DE4-7488F969E258}.Debug|Any CPU.Build.0 = Debug|Any CPU
		{201D497A-8BF0-C781-7DE4-7488F969E258}.Release|Any CPU.ActiveCfg = Release|Any CPU
		{201D497A-8BF0-C781-7DE4-7488F969E258}.Release|Any CPU.Build.0 = Release|Any CPU
	EndGlobalSection
	GlobalSection(SolutionProperties) = preSolution
		HideSolutionNode = FALSE
	EndGlobalSection
EndGlobal
